// !$*UTF8*$!
{
	archiveVersion = 1;
	classes = {
	};
	objectVersion = 46;
	objects = {

/* Begin PBXBuildFile section */
		351CBFBB1506BE5200C99CAD /* AlertsViewController.m in Sources */ = {isa = PBXBuildFile; fileRef = 351CBFBA1506BE5200C99CAD /* AlertsViewController.m */; };
		351CBFBE1506D09200C99CAD /* AlertsCell.m in Sources */ = {isa = PBXBuildFile; fileRef = 351CBFBD1506D09200C99CAD /* AlertsCell.m */; };
		35214CE415671D5600430E29 /* QuartzCore.framework in Frameworks */ = {isa = PBXBuildFile; fileRef = 35214CE315671D5600430E29 /* QuartzCore.framework */; };
		35270F731583E096001E0FB2 /* ADVViewController.m in Sources */ = {isa = PBXBuildFile; fileRef = 35270F5B1583E096001E0FB2 /* ADVViewController.m */; };
		35270F741583E096001E0FB2 /* ADVPercentProgressBar.m in Sources */ = {isa = PBXBuildFile; fileRef = 35270F5E1583E096001E0FB2 /* ADVPercentProgressBar.m */; };
		35270F781583E096001E0FB2 /* progress-count.png in Resources */ = {isa = PBXBuildFile; fileRef = 35270F651583E096001E0FB2 /* progress-count.png */; };
		35270F791583E096001E0FB2 /* progress-count@2x.png in Resources */ = {isa = PBXBuildFile; fileRef = 35270F661583E096001E0FB2 /* progress-count@2x.png */; };
		35270F7A1583E096001E0FB2 /* progress-fill-blue.png in Resources */ = {isa = PBXBuildFile; fileRef = 35270F671583E096001E0FB2 /* progress-fill-blue.png */; };
		35270F7B1583E096001E0FB2 /* progress-fill-blue@2x.png in Resources */ = {isa = PBXBuildFile; fileRef = 35270F681583E096001E0FB2 /* progress-fill-blue@2x.png */; };
		35270F7C1583E096001E0FB2 /* progress-fill-brown.png in Resources */ = {isa = PBXBuildFile; fileRef = 35270F691583E096001E0FB2 /* progress-fill-brown.png */; };
		35270F7D1583E096001E0FB2 /* progress-fill-brown@2x.png in Resources */ = {isa = PBXBuildFile; fileRef = 35270F6A1583E096001E0FB2 /* progress-fill-brown@2x.png */; };
		35270F7E1583E096001E0FB2 /* progress-fill-green.png in Resources */ = {isa = PBXBuildFile; fileRef = 35270F6B1583E096001E0FB2 /* progress-fill-green.png */; };
		35270F7F1583E096001E0FB2 /* progress-fill-green@2x.png in Resources */ = {isa = PBXBuildFile; fileRef = 35270F6C1583E096001E0FB2 /* progress-fill-green@2x.png */; };
		35270F801583E096001E0FB2 /* progress-fill-red.png in Resources */ = {isa = PBXBuildFile; fileRef = 35270F6D1583E096001E0FB2 /* progress-fill-red.png */; };
		35270F811583E096001E0FB2 /* progress-fill-red@2x.png in Resources */ = {isa = PBXBuildFile; fileRef = 35270F6E1583E096001E0FB2 /* progress-fill-red@2x.png */; };
		35270F821583E096001E0FB2 /* progress-track.png in Resources */ = {isa = PBXBuildFile; fileRef = 35270F6F1583E096001E0FB2 /* progress-track.png */; };
		35270F831583E096001E0FB2 /* progress-track@2x.png in Resources */ = {isa = PBXBuildFile; fileRef = 35270F701583E096001E0FB2 /* progress-track@2x.png */; };
		35270F861583E19F001E0FB2 /* MetricsViewController.m in Sources */ = {isa = PBXBuildFile; fileRef = 35270F851583E19F001E0FB2 /* MetricsViewController.m */; };
		35270F891583E1BA001E0FB2 /* MetricCell.m in Sources */ = {isa = PBXBuildFile; fileRef = 35270F881583E1BA001E0FB2 /* MetricCell.m */; };
		35270F8C1583E1CD001E0FB2 /* Metric.m in Sources */ = {isa = PBXBuildFile; fileRef = 35270F8B1583E1CD001E0FB2 /* Metric.m */; };
		35270F8F158540C5001E0FB2 /* SanoNavigationBar.m in Sources */ = {isa = PBXBuildFile; fileRef = 35270F8E158540C4001E0FB2 /* SanoNavigationBar.m */; };
		35270F9215854111001E0FB2 /* CustomNavBG@2x.png in Resources */ = {isa = PBXBuildFile; fileRef = 35270F9015854111001E0FB2 /* CustomNavBG@2x.png */; };
		35270F9315854111001E0FB2 /* CustomNavBG.png in Resources */ = {isa = PBXBuildFile; fileRef = 35270F9115854111001E0FB2 /* CustomNavBG.png */; };
		35270F9515854A44001E0FB2 /* Background.png in Resources */ = {isa = PBXBuildFile; fileRef = 35270F9415854A44001E0FB2 /* Background.png */; };
		35270F9715854D99001E0FB2 /* Background@2x.png in Resources */ = {isa = PBXBuildFile; fileRef = 35270F9615854D99001E0FB2 /* Background@2x.png */; };
		352E5A0D15069627003DB356 /* OnboardingViewController.m in Sources */ = {isa = PBXBuildFile; fileRef = 352E5A0C15069627003DB356 /* OnboardingViewController.m */; };
		3541B47A14D34E5300F853B9 /* UIKit.framework in Frameworks */ = {isa = PBXBuildFile; fileRef = 3541B47914D34E5300F853B9 /* UIKit.framework */; };
		3541B47C14D34E5300F853B9 /* Foundation.framework in Frameworks */ = {isa = PBXBuildFile; fileRef = 3541B47B14D34E5300F853B9 /* Foundation.framework */; };
		3541B47E14D34E5300F853B9 /* CoreGraphics.framework in Frameworks */ = {isa = PBXBuildFile; fileRef = 3541B47D14D34E5300F853B9 /* CoreGraphics.framework */; };
		3541B48414D34E5300F853B9 /* InfoPlist.strings in Resources */ = {isa = PBXBuildFile; fileRef = 3541B48214D34E5300F853B9 /* InfoPlist.strings */; };
		3541B48614D34E5300F853B9 /* main.m in Sources */ = {isa = PBXBuildFile; fileRef = 3541B48514D34E5300F853B9 /* main.m */; };
		3541B48A14D34E5300F853B9 /* SanoAppDelegate.m in Sources */ = {isa = PBXBuildFile; fileRef = 3541B48914D34E5300F853B9 /* SanoAppDelegate.m */; };
		3541B48D14D34E5300F853B9 /* MainStoryboard.storyboard in Resources */ = {isa = PBXBuildFile; fileRef = 3541B48B14D34E5300F853B9 /* MainStoryboard.storyboard */; };
		3541B49814D34E5300F853B9 /* SenTestingKit.framework in Frameworks */ = {isa = PBXBuildFile; fileRef = 3541B49714D34E5300F853B9 /* SenTestingKit.framework */; };
		3541B49914D34E5300F853B9 /* UIKit.framework in Frameworks */ = {isa = PBXBuildFile; fileRef = 3541B47914D34E5300F853B9 /* UIKit.framework */; };
		3541B49A14D34E5300F853B9 /* Foundation.framework in Frameworks */ = {isa = PBXBuildFile; fileRef = 3541B47B14D34E5300F853B9 /* Foundation.framework */; };
		3541B4A214D34E5300F853B9 /* InfoPlist.strings in Resources */ = {isa = PBXBuildFile; fileRef = 3541B4A014D34E5300F853B9 /* InfoPlist.strings */; };
		3541B4A514D34E5300F853B9 /* SanoTests.m in Sources */ = {isa = PBXBuildFile; fileRef = 3541B4A414D34E5300F853B9 /* SanoTests.m */; };
		3541B4B014D34F0000F853B9 /* SanoDashboardViewController.m in Sources */ = {isa = PBXBuildFile; fileRef = 3541B4AF14D34F0000F853B9 /* SanoDashboardViewController.m */; };
		3541B4B314D3511600F853B9 /* SanoSubstanceViewController.m in Sources */ = {isa = PBXBuildFile; fileRef = 3541B4B214D3511600F853B9 /* SanoSubstanceViewController.m */; };
		3541B4B614D3515600F853B9 /* Substance.m in Sources */ = {isa = PBXBuildFile; fileRef = 3541B4B514D3515600F853B9 /* Substance.m */; };
		3585078614FD66A500D4548B /* Indicator Spot - Red.png in Resources */ = {isa = PBXBuildFile; fileRef = 3585078514FD66A500D4548B /* Indicator Spot - Red.png */; };
		3585078914FD66BE00D4548B /* Indicator Spot - Green.png in Resources */ = {isa = PBXBuildFile; fileRef = 3585078814FD66BE00D4548B /* Indicator Spot - Green.png */; };
		35D62B86150533930014C99E /* MyManager.m in Sources */ = {isa = PBXBuildFile; fileRef = 35D62B85150533930014C99E /* MyManager.m */; };
		35D62B8E150597980014C99E /* EditSubstancesCell.m in Sources */ = {isa = PBXBuildFile; fileRef = 35D62B8D150597980014C99E /* EditSubstancesCell.m */; };
		35D62B91150598430014C99E /* EditDashboardViewController.m in Sources */ = {isa = PBXBuildFile; fileRef = 35D62B90150598430014C99E /* EditDashboardViewController.m */; };
		35E2521B1559A3E0007556AC /* libsqlite3.dylib in Frameworks */ = {isa = PBXBuildFile; fileRef = 35E2521A1559A3E0007556AC /* libsqlite3.dylib */; };
		35ED12FA14D365A700D6E92B /* Default.png in Resources */ = {isa = PBXBuildFile; fileRef = 35ED12F914D365A700D6E92B /* Default.png */; };
		35ED12FF14D3773B00D6E92B /* Sodium.png in Resources */ = {isa = PBXBuildFile; fileRef = 35ED12FC14D3773B00D6E92B /* Sodium.png */; };
		35ED130014D3773B00D6E92B /* Calcium.png in Resources */ = {isa = PBXBuildFile; fileRef = 35ED12FD14D3773B00D6E92B /* Calcium.png */; };
		35ED130114D3773B00D6E92B /* Glucose.png in Resources */ = {isa = PBXBuildFile; fileRef = 35ED12FE14D3773B00D6E92B /* Glucose.png */; };
		35ED130914D3775C00D6E92B /* Creatinine.png in Resources */ = {isa = PBXBuildFile; fileRef = 35ED130314D3775C00D6E92B /* Creatinine.png */; };
		35ED130A14D3775C00D6E92B /* BUN.png in Resources */ = {isa = PBXBuildFile; fileRef = 35ED130414D3775C00D6E92B /* BUN.png */; };
		35ED130B14D3775C00D6E92B /* Chloride.png in Resources */ = {isa = PBXBuildFile; fileRef = 35ED130514D3775C00D6E92B /* Chloride.png */; };
		35ED130C14D3775C00D6E92B /* CO2.png in Resources */ = {isa = PBXBuildFile; fileRef = 35ED130614D3775C00D6E92B /* CO2.png */; };
		35ED130D14D3775C00D6E92B /* Potassium.png in Resources */ = {isa = PBXBuildFile; fileRef = 35ED130714D3775C00D6E92B /* Potassium.png */; };
		35ED131014D3980300D6E92B /* View.png in Resources */ = {isa = PBXBuildFile; fileRef = 35ED130F14D3980300D6E92B /* View.png */; };
		35F1F6CA14FDC228002A112A /* Indicator Spot - Yellow.png in Resources */ = {isa = PBXBuildFile; fileRef = 35F1F6C914FDC228002A112A /* Indicator Spot - Yellow.png */; };
		35F1F6D214FDD4E6002A112A /* SubstancesCell.m in Sources */ = {isa = PBXBuildFile; fileRef = 35F1F6D114FDD4E6002A112A /* SubstancesCell.m */; };
		35F1F6D614FDE1B6002A112A /* Icon.png in Resources */ = {isa = PBXBuildFile; fileRef = 35F1F6D514FDE1B6002A112A /* Icon.png */; };
		35F1F6D814FDE1FD002A112A /* IconRetina.png in Resources */ = {isa = PBXBuildFile; fileRef = 35F1F6D714FDE1FD002A112A /* IconRetina.png */; };
		A11E23561586301600D2D3D5 /* Parse.framework in Frameworks */ = {isa = PBXBuildFile; fileRef = A11E23551586301600D2D3D5 /* Parse.framework */; };
		A11E23581586305D00D2D3D5 /* AudioToolbox.framework in Frameworks */ = {isa = PBXBuildFile; fileRef = A11E23571586305D00D2D3D5 /* AudioToolbox.framework */; };
		A11E235A1586307100D2D3D5 /* CFNetwork.framework in Frameworks */ = {isa = PBXBuildFile; fileRef = A11E23591586307100D2D3D5 /* CFNetwork.framework */; };
		A11E235C1586307A00D2D3D5 /* SystemConfiguration.framework in Frameworks */ = {isa = PBXBuildFile; fileRef = A11E235B1586307A00D2D3D5 /* SystemConfiguration.framework */; };
		A11E235E1586308200D2D3D5 /* MobileCoreServices.framework in Frameworks */ = {isa = PBXBuildFile; fileRef = A11E235D1586308200D2D3D5 /* MobileCoreServices.framework */; };
		A11E23601586309500D2D3D5 /* libz.1.1.3.dylib in Frameworks */ = {isa = PBXBuildFile; fileRef = A11E235F1586309500D2D3D5 /* libz.1.1.3.dylib */; };
		A11E23621586309E00D2D3D5 /* Security.framework in Frameworks */ = {isa = PBXBuildFile; fileRef = A11E23611586309E00D2D3D5 /* Security.framework */; };
		A1E7886115751935007A86FE /* libCorePlot-CocoaTouch.a in Frameworks */ = {isa = PBXBuildFile; fileRef = A1E7885D15751904007A86FE /* libCorePlot-CocoaTouch.a */; };
/* End PBXBuildFile section */

/* Begin PBXContainerItemProxy section */
		3541B49B14D34E5300F853B9 /* PBXContainerItemProxy */ = {
			isa = PBXContainerItemProxy;
			containerPortal = 3541B46C14D34E5300F853B9 /* Project object */;
			proxyType = 1;
			remoteGlobalIDString = 3541B47414D34E5300F853B9;
			remoteInfo = Sano;
		};
		A1E7885C15751904007A86FE /* PBXContainerItemProxy */ = {
			isa = PBXContainerItemProxy;
			containerPortal = A1E7885315751903007A86FE /* CorePlot-CocoaTouch.xcodeproj */;
			proxyType = 2;
			remoteGlobalIDString = BC9B83470FB8A0A40035D8DA;
			remoteInfo = "CorePlot-CocoaTouch";
		};
		A1E7885F1575191A007A86FE /* PBXContainerItemProxy */ = {
			isa = PBXContainerItemProxy;
			containerPortal = A1E7885315751903007A86FE /* CorePlot-CocoaTouch.xcodeproj */;
			proxyType = 1;
			remoteGlobalIDString = BC9B83460FB8A0A40035D8DA;
			remoteInfo = "CorePlot-CocoaTouch";
		};
/* End PBXContainerItemProxy section */

/* Begin PBXFileReference section */
		351CBFB91506BE5200C99CAD /* AlertsViewController.h */ = {isa = PBXFileReference; fileEncoding = 4; lastKnownFileType = sourcecode.c.h; path = AlertsViewController.h; sourceTree = "<group>"; };
		351CBFBA1506BE5200C99CAD /* AlertsViewController.m */ = {isa = PBXFileReference; fileEncoding = 4; lastKnownFileType = sourcecode.c.objc; path = AlertsViewController.m; sourceTree = "<group>"; };
		351CBFBC1506D09200C99CAD /* AlertsCell.h */ = {isa = PBXFileReference; fileEncoding = 4; lastKnownFileType = sourcecode.c.h; path = AlertsCell.h; sourceTree = "<group>"; };
		351CBFBD1506D09200C99CAD /* AlertsCell.m */ = {isa = PBXFileReference; fileEncoding = 4; lastKnownFileType = sourcecode.c.objc; path = AlertsCell.m; sourceTree = "<group>"; };
		35214CE315671D5600430E29 /* QuartzCore.framework */ = {isa = PBXFileReference; lastKnownFileType = wrapper.framework; name = QuartzCore.framework; path = System/Library/Frameworks/QuartzCore.framework; sourceTree = SDKROOT; };
		35270F5A1583E096001E0FB2 /* ADVViewController.h */ = {isa = PBXFileReference; fileEncoding = 4; lastKnownFileType = sourcecode.c.h; name = ADVViewController.h; path = ADVProgressBar/ADVViewController.h; sourceTree = "<group>"; };
		35270F5B1583E096001E0FB2 /* ADVViewController.m */ = {isa = PBXFileReference; fileEncoding = 4; lastKnownFileType = sourcecode.c.objc; name = ADVViewController.m; path = ADVProgressBar/ADVViewController.m; sourceTree = "<group>"; };
		35270F5D1583E096001E0FB2 /* ADVPercentProgressBar.h */ = {isa = PBXFileReference; fileEncoding = 4; lastKnownFileType = sourcecode.c.h; path = ADVPercentProgressBar.h; sourceTree = "<group>"; };
		35270F5E1583E096001E0FB2 /* ADVPercentProgressBar.m */ = {isa = PBXFileReference; fileEncoding = 4; lastKnownFileType = sourcecode.c.objc; path = ADVPercentProgressBar.m; sourceTree = "<group>"; };
		35270F651583E096001E0FB2 /* progress-count.png */ = {isa = PBXFileReference; lastKnownFileType = image.png; path = "progress-count.png"; sourceTree = "<group>"; };
		35270F661583E096001E0FB2 /* progress-count@2x.png */ = {isa = PBXFileReference; lastKnownFileType = image.png; path = "progress-count@2x.png"; sourceTree = "<group>"; };
		35270F671583E096001E0FB2 /* progress-fill-blue.png */ = {isa = PBXFileReference; lastKnownFileType = image.png; path = "progress-fill-blue.png"; sourceTree = "<group>"; };
		35270F681583E096001E0FB2 /* progress-fill-blue@2x.png */ = {isa = PBXFileReference; lastKnownFileType = image.png; path = "progress-fill-blue@2x.png"; sourceTree = "<group>"; };
		35270F691583E096001E0FB2 /* progress-fill-brown.png */ = {isa = PBXFileReference; lastKnownFileType = image.png; path = "progress-fill-brown.png"; sourceTree = "<group>"; };
		35270F6A1583E096001E0FB2 /* progress-fill-brown@2x.png */ = {isa = PBXFileReference; lastKnownFileType = image.png; path = "progress-fill-brown@2x.png"; sourceTree = "<group>"; };
		35270F6B1583E096001E0FB2 /* progress-fill-green.png */ = {isa = PBXFileReference; lastKnownFileType = image.png; path = "progress-fill-green.png"; sourceTree = "<group>"; };
		35270F6C1583E096001E0FB2 /* progress-fill-green@2x.png */ = {isa = PBXFileReference; lastKnownFileType = image.png; path = "progress-fill-green@2x.png"; sourceTree = "<group>"; };
		35270F6D1583E096001E0FB2 /* progress-fill-red.png */ = {isa = PBXFileReference; lastKnownFileType = image.png; path = "progress-fill-red.png"; sourceTree = "<group>"; };
		35270F6E1583E096001E0FB2 /* progress-fill-red@2x.png */ = {isa = PBXFileReference; lastKnownFileType = image.png; path = "progress-fill-red@2x.png"; sourceTree = "<group>"; };
		35270F6F1583E096001E0FB2 /* progress-track.png */ = {isa = PBXFileReference; lastKnownFileType = image.png; path = "progress-track.png"; sourceTree = "<group>"; };
		35270F701583E096001E0FB2 /* progress-track@2x.png */ = {isa = PBXFileReference; lastKnownFileType = image.png; path = "progress-track@2x.png"; sourceTree = "<group>"; };
		35270F841583E19F001E0FB2 /* MetricsViewController.h */ = {isa = PBXFileReference; fileEncoding = 4; lastKnownFileType = sourcecode.c.h; name = MetricsViewController.h; path = Sano/MetricsViewController.h; sourceTree = SOURCE_ROOT; };
		35270F851583E19F001E0FB2 /* MetricsViewController.m */ = {isa = PBXFileReference; fileEncoding = 4; lastKnownFileType = sourcecode.c.objc; name = MetricsViewController.m; path = Sano/MetricsViewController.m; sourceTree = SOURCE_ROOT; };
		35270F871583E1BA001E0FB2 /* MetricCell.h */ = {isa = PBXFileReference; fileEncoding = 4; lastKnownFileType = sourcecode.c.h; name = MetricCell.h; path = ADVProgressBar/MetricCell.h; sourceTree = "<group>"; };
		35270F881583E1BA001E0FB2 /* MetricCell.m */ = {isa = PBXFileReference; fileEncoding = 4; lastKnownFileType = sourcecode.c.objc; name = MetricCell.m; path = ADVProgressBar/MetricCell.m; sourceTree = "<group>"; };
		35270F8A1583E1CD001E0FB2 /* Metric.h */ = {isa = PBXFileReference; fileEncoding = 4; lastKnownFileType = sourcecode.c.h; name = Metric.h; path = ADVProgressBar/Metric.h; sourceTree = "<group>"; };
		35270F8B1583E1CD001E0FB2 /* Metric.m */ = {isa = PBXFileReference; fileEncoding = 4; lastKnownFileType = sourcecode.c.objc; name = Metric.m; path = ADVProgressBar/Metric.m; sourceTree = "<group>"; };
		35270F8D158540C4001E0FB2 /* SanoNavigationBar.h */ = {isa = PBXFileReference; fileEncoding = 4; lastKnownFileType = sourcecode.c.h; path = SanoNavigationBar.h; sourceTree = "<group>"; };
		35270F8E158540C4001E0FB2 /* SanoNavigationBar.m */ = {isa = PBXFileReference; fileEncoding = 4; lastKnownFileType = sourcecode.c.objc; path = SanoNavigationBar.m; sourceTree = "<group>"; };
		35270F9015854111001E0FB2 /* CustomNavBG@2x.png */ = {isa = PBXFileReference; lastKnownFileType = image.png; path = "CustomNavBG@2x.png"; sourceTree = "<group>"; };
		35270F9115854111001E0FB2 /* CustomNavBG.png */ = {isa = PBXFileReference; lastKnownFileType = image.png; path = CustomNavBG.png; sourceTree = "<group>"; };
		35270F9415854A44001E0FB2 /* Background.png */ = {isa = PBXFileReference; lastKnownFileType = image.png; path = Background.png; sourceTree = "<group>"; };
		35270F9615854D99001E0FB2 /* Background@2x.png */ = {isa = PBXFileReference; lastKnownFileType = image.png; path = "Background@2x.png"; sourceTree = "<group>"; };
		352E5A0B15069627003DB356 /* OnboardingViewController.h */ = {isa = PBXFileReference; fileEncoding = 4; lastKnownFileType = sourcecode.c.h; path = OnboardingViewController.h; sourceTree = "<group>"; };
		352E5A0C15069627003DB356 /* OnboardingViewController.m */ = {isa = PBXFileReference; fileEncoding = 4; lastKnownFileType = sourcecode.c.objc; path = OnboardingViewController.m; sourceTree = "<group>"; };
		3541B47514D34E5300F853B9 /* Sano.app */ = {isa = PBXFileReference; explicitFileType = wrapper.application; includeInIndex = 0; path = Sano.app; sourceTree = BUILT_PRODUCTS_DIR; };
		3541B47914D34E5300F853B9 /* UIKit.framework */ = {isa = PBXFileReference; lastKnownFileType = wrapper.framework; name = UIKit.framework; path = System/Library/Frameworks/UIKit.framework; sourceTree = SDKROOT; };
		3541B47B14D34E5300F853B9 /* Foundation.framework */ = {isa = PBXFileReference; lastKnownFileType = wrapper.framework; name = Foundation.framework; path = System/Library/Frameworks/Foundation.framework; sourceTree = SDKROOT; };
		3541B47D14D34E5300F853B9 /* CoreGraphics.framework */ = {isa = PBXFileReference; lastKnownFileType = wrapper.framework; name = CoreGraphics.framework; path = System/Library/Frameworks/CoreGraphics.framework; sourceTree = SDKROOT; };
		3541B48114D34E5300F853B9 /* Sano-Info.plist */ = {isa = PBXFileReference; lastKnownFileType = text.plist.xml; path = "Sano-Info.plist"; sourceTree = "<group>"; };
		3541B48314D34E5300F853B9 /* en */ = {isa = PBXFileReference; lastKnownFileType = text.plist.strings; name = en; path = en.lproj/InfoPlist.strings; sourceTree = "<group>"; };
		3541B48514D34E5300F853B9 /* main.m */ = {isa = PBXFileReference; lastKnownFileType = sourcecode.c.objc; path = main.m; sourceTree = "<group>"; };
		3541B48714D34E5300F853B9 /* Sano-Prefix.pch */ = {isa = PBXFileReference; lastKnownFileType = sourcecode.c.h; path = "Sano-Prefix.pch"; sourceTree = "<group>"; };
		3541B48814D34E5300F853B9 /* SanoAppDelegate.h */ = {isa = PBXFileReference; lastKnownFileType = sourcecode.c.h; path = SanoAppDelegate.h; sourceTree = "<group>"; };
		3541B48914D34E5300F853B9 /* SanoAppDelegate.m */ = {isa = PBXFileReference; lastKnownFileType = sourcecode.c.objc; path = SanoAppDelegate.m; sourceTree = "<group>"; };
		3541B48C14D34E5300F853B9 /* en */ = {isa = PBXFileReference; lastKnownFileType = file.storyboard; name = en; path = en.lproj/MainStoryboard.storyboard; sourceTree = "<group>"; };
		3541B49614D34E5300F853B9 /* SanoTests.octest */ = {isa = PBXFileReference; explicitFileType = wrapper.cfbundle; includeInIndex = 0; path = SanoTests.octest; sourceTree = BUILT_PRODUCTS_DIR; };
		3541B49714D34E5300F853B9 /* SenTestingKit.framework */ = {isa = PBXFileReference; lastKnownFileType = wrapper.framework; name = SenTestingKit.framework; path = Library/Frameworks/SenTestingKit.framework; sourceTree = DEVELOPER_DIR; };
		3541B49F14D34E5300F853B9 /* SanoTests-Info.plist */ = {isa = PBXFileReference; lastKnownFileType = text.plist.xml; path = "SanoTests-Info.plist"; sourceTree = "<group>"; };
		3541B4A114D34E5300F853B9 /* en */ = {isa = PBXFileReference; lastKnownFileType = text.plist.strings; name = en; path = en.lproj/InfoPlist.strings; sourceTree = "<group>"; };
		3541B4A314D34E5300F853B9 /* SanoTests.h */ = {isa = PBXFileReference; lastKnownFileType = sourcecode.c.h; path = SanoTests.h; sourceTree = "<group>"; };
		3541B4A414D34E5300F853B9 /* SanoTests.m */ = {isa = PBXFileReference; lastKnownFileType = sourcecode.c.objc; path = SanoTests.m; sourceTree = "<group>"; };
		3541B4AE14D34F0000F853B9 /* SanoDashboardViewController.h */ = {isa = PBXFileReference; fileEncoding = 4; lastKnownFileType = sourcecode.c.h; path = SanoDashboardViewController.h; sourceTree = "<group>"; };
		3541B4AF14D34F0000F853B9 /* SanoDashboardViewController.m */ = {isa = PBXFileReference; fileEncoding = 4; lastKnownFileType = sourcecode.c.objc; path = SanoDashboardViewController.m; sourceTree = "<group>"; };
		3541B4B114D3511600F853B9 /* SanoSubstanceViewController.h */ = {isa = PBXFileReference; fileEncoding = 4; lastKnownFileType = sourcecode.c.h; path = SanoSubstanceViewController.h; sourceTree = "<group>"; };
		3541B4B214D3511600F853B9 /* SanoSubstanceViewController.m */ = {isa = PBXFileReference; fileEncoding = 4; lastKnownFileType = sourcecode.c.objc; path = SanoSubstanceViewController.m; sourceTree = "<group>"; };
		3541B4B414D3515600F853B9 /* Substance.h */ = {isa = PBXFileReference; fileEncoding = 4; lastKnownFileType = sourcecode.c.h; path = Substance.h; sourceTree = "<group>"; };
		3541B4B514D3515600F853B9 /* Substance.m */ = {isa = PBXFileReference; fileEncoding = 4; lastKnownFileType = sourcecode.c.objc; path = Substance.m; sourceTree = "<group>"; };
		3585078514FD66A500D4548B /* Indicator Spot - Red.png */ = {isa = PBXFileReference; lastKnownFileType = image.png; path = "Indicator Spot - Red.png"; sourceTree = "<group>"; };
		3585078814FD66BE00D4548B /* Indicator Spot - Green.png */ = {isa = PBXFileReference; lastKnownFileType = image.png; path = "Indicator Spot - Green.png"; sourceTree = "<group>"; };
		35D62B84150533930014C99E /* MyManager.h */ = {isa = PBXFileReference; fileEncoding = 4; lastKnownFileType = sourcecode.c.h; path = MyManager.h; sourceTree = "<group>"; };
		35D62B85150533930014C99E /* MyManager.m */ = {isa = PBXFileReference; fileEncoding = 4; lastKnownFileType = sourcecode.c.objc; path = MyManager.m; sourceTree = "<group>"; };
		35D62B8C150597980014C99E /* EditSubstancesCell.h */ = {isa = PBXFileReference; fileEncoding = 4; lastKnownFileType = sourcecode.c.h; path = EditSubstancesCell.h; sourceTree = "<group>"; };
		35D62B8D150597980014C99E /* EditSubstancesCell.m */ = {isa = PBXFileReference; fileEncoding = 4; lastKnownFileType = sourcecode.c.objc; path = EditSubstancesCell.m; sourceTree = "<group>"; };
		35D62B8F150598430014C99E /* EditDashboardViewController.h */ = {isa = PBXFileReference; fileEncoding = 4; lastKnownFileType = sourcecode.c.h; path = EditDashboardViewController.h; sourceTree = "<group>"; };
		35D62B90150598430014C99E /* EditDashboardViewController.m */ = {isa = PBXFileReference; fileEncoding = 4; lastKnownFileType = sourcecode.c.objc; path = EditDashboardViewController.m; sourceTree = "<group>"; };
		35E2521A1559A3E0007556AC /* libsqlite3.dylib */ = {isa = PBXFileReference; lastKnownFileType = "compiled.mach-o.dylib"; name = libsqlite3.dylib; path = usr/lib/libsqlite3.dylib; sourceTree = SDKROOT; };
		35ED12F914D365A700D6E92B /* Default.png */ = {isa = PBXFileReference; lastKnownFileType = image.png; path = Default.png; sourceTree = "<group>"; };
		35ED12FC14D3773B00D6E92B /* Sodium.png */ = {isa = PBXFileReference; lastKnownFileType = image.png; path = Sodium.png; sourceTree = "<group>"; };
		35ED12FD14D3773B00D6E92B /* Calcium.png */ = {isa = PBXFileReference; lastKnownFileType = image.png; path = Calcium.png; sourceTree = "<group>"; };
		35ED12FE14D3773B00D6E92B /* Glucose.png */ = {isa = PBXFileReference; lastKnownFileType = image.png; path = Glucose.png; sourceTree = "<group>"; };
		35ED130314D3775C00D6E92B /* Creatinine.png */ = {isa = PBXFileReference; lastKnownFileType = image.png; path = Creatinine.png; sourceTree = "<group>"; };
		35ED130414D3775C00D6E92B /* BUN.png */ = {isa = PBXFileReference; lastKnownFileType = image.png; path = BUN.png; sourceTree = "<group>"; };
		35ED130514D3775C00D6E92B /* Chloride.png */ = {isa = PBXFileReference; lastKnownFileType = image.png; path = Chloride.png; sourceTree = "<group>"; };
		35ED130614D3775C00D6E92B /* CO2.png */ = {isa = PBXFileReference; lastKnownFileType = image.png; path = CO2.png; sourceTree = "<group>"; };
		35ED130714D3775C00D6E92B /* Potassium.png */ = {isa = PBXFileReference; lastKnownFileType = image.png; path = Potassium.png; sourceTree = "<group>"; };
		35ED130F14D3980300D6E92B /* View.png */ = {isa = PBXFileReference; lastKnownFileType = image.png; path = View.png; sourceTree = "<group>"; };
		35F1F6C914FDC228002A112A /* Indicator Spot - Yellow.png */ = {isa = PBXFileReference; lastKnownFileType = image.png; path = "Indicator Spot - Yellow.png"; sourceTree = "<group>"; };
		35F1F6D014FDD4E6002A112A /* SubstancesCell.h */ = {isa = PBXFileReference; fileEncoding = 4; lastKnownFileType = sourcecode.c.h; path = SubstancesCell.h; sourceTree = "<group>"; };
		35F1F6D114FDD4E6002A112A /* SubstancesCell.m */ = {isa = PBXFileReference; fileEncoding = 4; lastKnownFileType = sourcecode.c.objc; path = SubstancesCell.m; sourceTree = "<group>"; };
		35F1F6D514FDE1B6002A112A /* Icon.png */ = {isa = PBXFileReference; lastKnownFileType = image.png; path = Icon.png; sourceTree = "<group>"; };
		35F1F6D714FDE1FD002A112A /* IconRetina.png */ = {isa = PBXFileReference; lastKnownFileType = image.png; path = IconRetina.png; sourceTree = "<group>"; };
		A11E23551586301600D2D3D5 /* Parse.framework */ = {isa = PBXFileReference; lastKnownFileType = wrapper.framework; path = Parse.framework; sourceTree = "<group>"; };
		A11E23571586305D00D2D3D5 /* AudioToolbox.framework */ = {isa = PBXFileReference; lastKnownFileType = wrapper.framework; name = AudioToolbox.framework; path = System/Library/Frameworks/AudioToolbox.framework; sourceTree = SDKROOT; };
		A11E23591586307100D2D3D5 /* CFNetwork.framework */ = {isa = PBXFileReference; lastKnownFileType = wrapper.framework; name = CFNetwork.framework; path = System/Library/Frameworks/CFNetwork.framework; sourceTree = SDKROOT; };
		A11E235B1586307A00D2D3D5 /* SystemConfiguration.framework */ = {isa = PBXFileReference; lastKnownFileType = wrapper.framework; name = SystemConfiguration.framework; path = System/Library/Frameworks/SystemConfiguration.framework; sourceTree = SDKROOT; };
		A11E235D1586308200D2D3D5 /* MobileCoreServices.framework */ = {isa = PBXFileReference; lastKnownFileType = wrapper.framework; name = MobileCoreServices.framework; path = System/Library/Frameworks/MobileCoreServices.framework; sourceTree = SDKROOT; };
		A11E235F1586309500D2D3D5 /* libz.1.1.3.dylib */ = {isa = PBXFileReference; lastKnownFileType = "compiled.mach-o.dylib"; name = libz.1.1.3.dylib; path = usr/lib/libz.1.1.3.dylib; sourceTree = SDKROOT; };
		A11E23611586309E00D2D3D5 /* Security.framework */ = {isa = PBXFileReference; lastKnownFileType = wrapper.framework; name = Security.framework; path = System/Library/Frameworks/Security.framework; sourceTree = SDKROOT; };
		A1E7885315751903007A86FE /* CorePlot-CocoaTouch.xcodeproj */ = {isa = PBXFileReference; lastKnownFileType = "wrapper.pb-project"; name = "CorePlot-CocoaTouch.xcodeproj"; path = "../core-plot/framework/CorePlot-CocoaTouch.xcodeproj"; sourceTree = "<group>"; };
/* End PBXFileReference section */

/* Begin PBXFrameworksBuildPhase section */
		3541B47214D34E5300F853B9 /* Frameworks */ = {
			isa = PBXFrameworksBuildPhase;
			buildActionMask = 2147483647;
			files = (
				A11E23621586309E00D2D3D5 /* Security.framework in Frameworks */,
				A11E23601586309500D2D3D5 /* libz.1.1.3.dylib in Frameworks */,
				3541B47E14D34E5300F853B9 /* CoreGraphics.framework in Frameworks */,
				A11E235E1586308200D2D3D5 /* MobileCoreServices.framework in Frameworks */,
				A11E235C1586307A00D2D3D5 /* SystemConfiguration.framework in Frameworks */,
				A11E235A1586307100D2D3D5 /* CFNetwork.framework in Frameworks */,
				A11E23581586305D00D2D3D5 /* AudioToolbox.framework in Frameworks */,
				35214CE415671D5600430E29 /* QuartzCore.framework in Frameworks */,
				35E2521B1559A3E0007556AC /* libsqlite3.dylib in Frameworks */,
				3541B47A14D34E5300F853B9 /* UIKit.framework in Frameworks */,
				3541B47C14D34E5300F853B9 /* Foundation.framework in Frameworks */,
				A1E7886115751935007A86FE /* libCorePlot-CocoaTouch.a in Frameworks */,
				A11E23561586301600D2D3D5 /* Parse.framework in Frameworks */,
			);
			runOnlyForDeploymentPostprocessing = 0;
		};
		3541B49214D34E5300F853B9 /* Frameworks */ = {
			isa = PBXFrameworksBuildPhase;
			buildActionMask = 2147483647;
			files = (
				3541B49814D34E5300F853B9 /* SenTestingKit.framework in Frameworks */,
				3541B49914D34E5300F853B9 /* UIKit.framework in Frameworks */,
				3541B49A14D34E5300F853B9 /* Foundation.framework in Frameworks */,
			);
			runOnlyForDeploymentPostprocessing = 0;
		};
/* End PBXFrameworksBuildPhase section */

/* Begin PBXGroup section */
		35270F551583E096001E0FB2 /* ADVProgressBar */ = {
			isa = PBXGroup;
			children = (
				35270F5C1583E096001E0FB2 /* Classes */,
				35270F641583E096001E0FB2 /* Resources */,
			);
			path = ADVProgressBar;
			sourceTree = "<group>";
		};
		35270F5C1583E096001E0FB2 /* Classes */ = {
			isa = PBXGroup;
			children = (
				35270F5D1583E096001E0FB2 /* ADVPercentProgressBar.h */,
				35270F5E1583E096001E0FB2 /* ADVPercentProgressBar.m */,
			);
			path = Classes;
			sourceTree = "<group>";
		};
		35270F641583E096001E0FB2 /* Resources */ = {
			isa = PBXGroup;
			children = (
				35270F9615854D99001E0FB2 /* Background@2x.png */,
				35270F9415854A44001E0FB2 /* Background.png */,
				35270F9015854111001E0FB2 /* CustomNavBG@2x.png */,
				35270F9115854111001E0FB2 /* CustomNavBG.png */,
				35270F651583E096001E0FB2 /* progress-count.png */,
				35270F661583E096001E0FB2 /* progress-count@2x.png */,
				35270F671583E096001E0FB2 /* progress-fill-blue.png */,
				35270F681583E096001E0FB2 /* progress-fill-blue@2x.png */,
				35270F691583E096001E0FB2 /* progress-fill-brown.png */,
				35270F6A1583E096001E0FB2 /* progress-fill-brown@2x.png */,
				35270F6B1583E096001E0FB2 /* progress-fill-green.png */,
				35270F6C1583E096001E0FB2 /* progress-fill-green@2x.png */,
				35270F6D1583E096001E0FB2 /* progress-fill-red.png */,
				35270F6E1583E096001E0FB2 /* progress-fill-red@2x.png */,
				35270F6F1583E096001E0FB2 /* progress-track.png */,
				35270F701583E096001E0FB2 /* progress-track@2x.png */,
			);
			path = Resources;
			sourceTree = "<group>";
		};
		3541B46A14D34E5300F853B9 = {
			isa = PBXGroup;
			children = (
				A11E23611586309E00D2D3D5 /* Security.framework */,
				A11E235F1586309500D2D3D5 /* libz.1.1.3.dylib */,
				A11E235D1586308200D2D3D5 /* MobileCoreServices.framework */,
				A11E235B1586307A00D2D3D5 /* SystemConfiguration.framework */,
				A11E23591586307100D2D3D5 /* CFNetwork.framework */,
				A11E23571586305D00D2D3D5 /* AudioToolbox.framework */,
				35E2521A1559A3E0007556AC /* libsqlite3.dylib */,
				35F1F6D714FDE1FD002A112A /* IconRetina.png */,
				35F1F6D514FDE1B6002A112A /* Icon.png */,
				3541B47F14D34E5300F853B9 /* Sano */,
				3541B49D14D34E5300F853B9 /* SanoTests */,
				3541B47814D34E5300F853B9 /* Frameworks */,
				3541B47614D34E5300F853B9 /* Products */,
				A1E7885315751903007A86FE /* CorePlot-CocoaTouch.xcodeproj */,
			);
			sourceTree = "<group>";
		};
		3541B47614D34E5300F853B9 /* Products */ = {
			isa = PBXGroup;
			children = (
				3541B47514D34E5300F853B9 /* Sano.app */,
				3541B49614D34E5300F853B9 /* SanoTests.octest */,
			);
			name = Products;
			sourceTree = "<group>";
		};
		3541B47814D34E5300F853B9 /* Frameworks */ = {
			isa = PBXGroup;
			children = (
				A11E23551586301600D2D3D5 /* Parse.framework */,
				35214CE315671D5600430E29 /* QuartzCore.framework */,
				3541B47914D34E5300F853B9 /* UIKit.framework */,
				3541B47B14D34E5300F853B9 /* Foundation.framework */,
				3541B47D14D34E5300F853B9 /* CoreGraphics.framework */,
				3541B49714D34E5300F853B9 /* SenTestingKit.framework */,
			);
			name = Frameworks;
			sourceTree = "<group>";
		};
		3541B47F14D34E5300F853B9 /* Sano */ = {
			isa = PBXGroup;
			children = (
				3541B48814D34E5300F853B9 /* SanoAppDelegate.h */,
				3541B48914D34E5300F853B9 /* SanoAppDelegate.m */,
				3541B48B14D34E5300F853B9 /* MainStoryboard.storyboard */,
				35270F8D158540C4001E0FB2 /* SanoNavigationBar.h */,
				35270F8E158540C4001E0FB2 /* SanoNavigationBar.m */,
				35D62B84150533930014C99E /* MyManager.h */,
				35D62B85150533930014C99E /* MyManager.m */,
				3541B4B414D3515600F853B9 /* Substance.h */,
				3541B4B514D3515600F853B9 /* Substance.m */,
				352E5A0B15069627003DB356 /* OnboardingViewController.h */,
				352E5A0C15069627003DB356 /* OnboardingViewController.m */,
				3541B4B114D3511600F853B9 /* SanoSubstanceViewController.h */,
				3541B4B214D3511600F853B9 /* SanoSubstanceViewController.m */,
				3541B4AE14D34F0000F853B9 /* SanoDashboardViewController.h */,
				3541B4AF14D34F0000F853B9 /* SanoDashboardViewController.m */,
				35D62B8F150598430014C99E /* EditDashboardViewController.h */,
				35D62B90150598430014C99E /* EditDashboardViewController.m */,
				351CBFB91506BE5200C99CAD /* AlertsViewController.h */,
				351CBFBA1506BE5200C99CAD /* AlertsViewController.m */,
				35270F841583E19F001E0FB2 /* MetricsViewController.h */,
				35270F851583E19F001E0FB2 /* MetricsViewController.m */,
				35F1F6D014FDD4E6002A112A /* SubstancesCell.h */,
				35F1F6D114FDD4E6002A112A /* SubstancesCell.m */,
				351CBFBC1506D09200C99CAD /* AlertsCell.h */,
				351CBFBD1506D09200C99CAD /* AlertsCell.m */,
				35D62B8C150597980014C99E /* EditSubstancesCell.h */,
				35D62B8D150597980014C99E /* EditSubstancesCell.m */,
				35270F5A1583E096001E0FB2 /* ADVViewController.h */,
				35270F5B1583E096001E0FB2 /* ADVViewController.m */,
				35270F871583E1BA001E0FB2 /* MetricCell.h */,
				35270F881583E1BA001E0FB2 /* MetricCell.m */,
				35270F8A1583E1CD001E0FB2 /* Metric.h */,
				35270F8B1583E1CD001E0FB2 /* Metric.m */,
				35270F551583E096001E0FB2 /* ADVProgressBar */,
				3541B48014D34E5300F853B9 /* Supporting Files */,
			);
			path = Sano;
			sourceTree = "<group>";
		};
		3541B48014D34E5300F853B9 /* Supporting Files */ = {
			isa = PBXGroup;
			children = (
				35ED130E14D3776B00D6E92B /* Images */,
				3541B48114D34E5300F853B9 /* Sano-Info.plist */,
				3541B48214D34E5300F853B9 /* InfoPlist.strings */,
				3541B48514D34E5300F853B9 /* main.m */,
				3541B48714D34E5300F853B9 /* Sano-Prefix.pch */,
			);
			name = "Supporting Files";
			sourceTree = "<group>";
		};
		3541B49D14D34E5300F853B9 /* SanoTests */ = {
			isa = PBXGroup;
			children = (
				3541B4A314D34E5300F853B9 /* SanoTests.h */,
				3541B4A414D34E5300F853B9 /* SanoTests.m */,
				3541B49E14D34E5300F853B9 /* Supporting Files */,
			);
			path = SanoTests;
			sourceTree = "<group>";
		};
		3541B49E14D34E5300F853B9 /* Supporting Files */ = {
			isa = PBXGroup;
			children = (
				3541B49F14D34E5300F853B9 /* SanoTests-Info.plist */,
				3541B4A014D34E5300F853B9 /* InfoPlist.strings */,
			);
			name = "Supporting Files";
			sourceTree = "<group>";
		};
		35ED130E14D3776B00D6E92B /* Images */ = {
			isa = PBXGroup;
			children = (
				35F1F6C914FDC228002A112A /* Indicator Spot - Yellow.png */,
				3585078814FD66BE00D4548B /* Indicator Spot - Green.png */,
				3585078514FD66A500D4548B /* Indicator Spot - Red.png */,
				35ED130314D3775C00D6E92B /* Creatinine.png */,
				35ED130414D3775C00D6E92B /* BUN.png */,
				35ED130514D3775C00D6E92B /* Chloride.png */,
				35ED130614D3775C00D6E92B /* CO2.png */,
				35ED130714D3775C00D6E92B /* Potassium.png */,
				35ED12FC14D3773B00D6E92B /* Sodium.png */,
				35ED12FD14D3773B00D6E92B /* Calcium.png */,
				35ED12FE14D3773B00D6E92B /* Glucose.png */,
				35ED12F914D365A700D6E92B /* Default.png */,
				35ED130F14D3980300D6E92B /* View.png */,
			);
			name = Images;
			sourceTree = "<group>";
		};
		A1E7885415751903007A86FE /* Products */ = {
			isa = PBXGroup;
			children = (
				A1E7885D15751904007A86FE /* libCorePlot-CocoaTouch.a */,
			);
			name = Products;
			sourceTree = "<group>";
		};
/* End PBXGroup section */

/* Begin PBXNativeTarget section */
		3541B47414D34E5300F853B9 /* Sano */ = {
			isa = PBXNativeTarget;
			buildConfigurationList = 3541B4A814D34E5300F853B9 /* Build configuration list for PBXNativeTarget "Sano" */;
			buildPhases = (
				3541B47114D34E5300F853B9 /* Sources */,
				3541B47214D34E5300F853B9 /* Frameworks */,
				3541B47314D34E5300F853B9 /* Resources */,
			);
			buildRules = (
			);
			dependencies = (
				A1E788601575191A007A86FE /* PBXTargetDependency */,
			);
			name = Sano;
			productName = Sano;
			productReference = 3541B47514D34E5300F853B9 /* Sano.app */;
			productType = "com.apple.product-type.application";
		};
		3541B49514D34E5300F853B9 /* SanoTests */ = {
			isa = PBXNativeTarget;
			buildConfigurationList = 3541B4AB14D34E5300F853B9 /* Build configuration list for PBXNativeTarget "SanoTests" */;
			buildPhases = (
				3541B49114D34E5300F853B9 /* Sources */,
				3541B49214D34E5300F853B9 /* Frameworks */,
				3541B49314D34E5300F853B9 /* Resources */,
				3541B49414D34E5300F853B9 /* ShellScript */,
			);
			buildRules = (
			);
			dependencies = (
				3541B49C14D34E5300F853B9 /* PBXTargetDependency */,
			);
			name = SanoTests;
			productName = SanoTests;
			productReference = 3541B49614D34E5300F853B9 /* SanoTests.octest */;
			productType = "com.apple.product-type.bundle";
		};
/* End PBXNativeTarget section */

/* Begin PBXProject section */
		3541B46C14D34E5300F853B9 /* Project object */ = {
			isa = PBXProject;
			attributes = {
				LastUpgradeCheck = 0420;
			};
			buildConfigurationList = 3541B46F14D34E5300F853B9 /* Build configuration list for PBXProject "Sano" */;
			compatibilityVersion = "Xcode 3.2";
			developmentRegion = English;
			hasScannedForEncodings = 0;
			knownRegions = (
				en,
			);
			mainGroup = 3541B46A14D34E5300F853B9;
			productRefGroup = 3541B47614D34E5300F853B9 /* Products */;
			projectDirPath = "";
			projectReferences = (
				{
					ProductGroup = A1E7885415751903007A86FE /* Products */;
					ProjectRef = A1E7885315751903007A86FE /* CorePlot-CocoaTouch.xcodeproj */;
				},
			);
			projectRoot = "";
			targets = (
				3541B47414D34E5300F853B9 /* Sano */,
				3541B49514D34E5300F853B9 /* SanoTests */,
			);
		};
/* End PBXProject section */

/* Begin PBXReferenceProxy section */
		A1E7885D15751904007A86FE /* libCorePlot-CocoaTouch.a */ = {
			isa = PBXReferenceProxy;
			fileType = archive.ar;
			path = "libCorePlot-CocoaTouch.a";
			remoteRef = A1E7885C15751904007A86FE /* PBXContainerItemProxy */;
			sourceTree = BUILT_PRODUCTS_DIR;
		};
/* End PBXReferenceProxy section */

/* Begin PBXResourcesBuildPhase section */
		3541B47314D34E5300F853B9 /* Resources */ = {
			isa = PBXResourcesBuildPhase;
			buildActionMask = 2147483647;
			files = (
				3541B48414D34E5300F853B9 /* InfoPlist.strings in Resources */,
				3541B48D14D34E5300F853B9 /* MainStoryboard.storyboard in Resources */,
				35ED12FA14D365A700D6E92B /* Default.png in Resources */,
				35ED12FF14D3773B00D6E92B /* Sodium.png in Resources */,
				35ED130014D3773B00D6E92B /* Calcium.png in Resources */,
				35ED130114D3773B00D6E92B /* Glucose.png in Resources */,
				35ED130914D3775C00D6E92B /* Creatinine.png in Resources */,
				35ED130A14D3775C00D6E92B /* BUN.png in Resources */,
				35ED130B14D3775C00D6E92B /* Chloride.png in Resources */,
				35ED130C14D3775C00D6E92B /* CO2.png in Resources */,
				35ED130D14D3775C00D6E92B /* Potassium.png in Resources */,
				35ED131014D3980300D6E92B /* View.png in Resources */,
				3585078614FD66A500D4548B /* Indicator Spot - Red.png in Resources */,
				3585078914FD66BE00D4548B /* Indicator Spot - Green.png in Resources */,
				35F1F6CA14FDC228002A112A /* Indicator Spot - Yellow.png in Resources */,
				35F1F6D614FDE1B6002A112A /* Icon.png in Resources */,
				35F1F6D814FDE1FD002A112A /* IconRetina.png in Resources */,
				35270F781583E096001E0FB2 /* progress-count.png in Resources */,
				35270F791583E096001E0FB2 /* progress-count@2x.png in Resources */,
				35270F7A1583E096001E0FB2 /* progress-fill-blue.png in Resources */,
				35270F7B1583E096001E0FB2 /* progress-fill-blue@2x.png in Resources */,
				35270F7C1583E096001E0FB2 /* progress-fill-brown.png in Resources */,
				35270F7D1583E096001E0FB2 /* progress-fill-brown@2x.png in Resources */,
				35270F7E1583E096001E0FB2 /* progress-fill-green.png in Resources */,
				35270F7F1583E096001E0FB2 /* progress-fill-green@2x.png in Resources */,
				35270F801583E096001E0FB2 /* progress-fill-red.png in Resources */,
				35270F811583E096001E0FB2 /* progress-fill-red@2x.png in Resources */,
				35270F821583E096001E0FB2 /* progress-track.png in Resources */,
				35270F831583E096001E0FB2 /* progress-track@2x.png in Resources */,
				35270F9215854111001E0FB2 /* CustomNavBG@2x.png in Resources */,
				35270F9315854111001E0FB2 /* CustomNavBG.png in Resources */,
				35270F9515854A44001E0FB2 /* Background.png in Resources */,
				35270F9715854D99001E0FB2 /* Background@2x.png in Resources */,
			);
			runOnlyForDeploymentPostprocessing = 0;
		};
		3541B49314D34E5300F853B9 /* Resources */ = {
			isa = PBXResourcesBuildPhase;
			buildActionMask = 2147483647;
			files = (
				3541B4A214D34E5300F853B9 /* InfoPlist.strings in Resources */,
			);
			runOnlyForDeploymentPostprocessing = 0;
		};
/* End PBXResourcesBuildPhase section */

/* Begin PBXShellScriptBuildPhase section */
		3541B49414D34E5300F853B9 /* ShellScript */ = {
			isa = PBXShellScriptBuildPhase;
			buildActionMask = 2147483647;
			files = (
			);
			inputPaths = (
			);
			outputPaths = (
			);
			runOnlyForDeploymentPostprocessing = 0;
			shellPath = /bin/sh;
			shellScript = "# Run the unit tests in this test bundle.\n\"${SYSTEM_DEVELOPER_DIR}/Tools/RunUnitTests\"\n";
		};
/* End PBXShellScriptBuildPhase section */

/* Begin PBXSourcesBuildPhase section */
		3541B47114D34E5300F853B9 /* Sources */ = {
			isa = PBXSourcesBuildPhase;
			buildActionMask = 2147483647;
			files = (
				3541B48614D34E5300F853B9 /* main.m in Sources */,
				3541B48A14D34E5300F853B9 /* SanoAppDelegate.m in Sources */,
				3541B4B014D34F0000F853B9 /* SanoDashboardViewController.m in Sources */,
				3541B4B314D3511600F853B9 /* SanoSubstanceViewController.m in Sources */,
				3541B4B614D3515600F853B9 /* Substance.m in Sources */,
				35F1F6D214FDD4E6002A112A /* SubstancesCell.m in Sources */,
				35D62B86150533930014C99E /* MyManager.m in Sources */,
				35D62B8E150597980014C99E /* EditSubstancesCell.m in Sources */,
				35D62B91150598430014C99E /* EditDashboardViewController.m in Sources */,
				352E5A0D15069627003DB356 /* OnboardingViewController.m in Sources */,
				351CBFBB1506BE5200C99CAD /* AlertsViewController.m in Sources */,
				351CBFBE1506D09200C99CAD /* AlertsCell.m in Sources */,
				35270F731583E096001E0FB2 /* ADVViewController.m in Sources */,
				35270F741583E096001E0FB2 /* ADVPercentProgressBar.m in Sources */,
				35270F861583E19F001E0FB2 /* MetricsViewController.m in Sources */,
				35270F891583E1BA001E0FB2 /* MetricCell.m in Sources */,
				35270F8C1583E1CD001E0FB2 /* Metric.m in Sources */,
				35270F8F158540C5001E0FB2 /* SanoNavigationBar.m in Sources */,
			);
			runOnlyForDeploymentPostprocessing = 0;
		};
		3541B49114D34E5300F853B9 /* Sources */ = {
			isa = PBXSourcesBuildPhase;
			buildActionMask = 2147483647;
			files = (
				3541B4A514D34E5300F853B9 /* SanoTests.m in Sources */,
			);
			runOnlyForDeploymentPostprocessing = 0;
		};
/* End PBXSourcesBuildPhase section */

/* Begin PBXTargetDependency section */
		3541B49C14D34E5300F853B9 /* PBXTargetDependency */ = {
			isa = PBXTargetDependency;
			target = 3541B47414D34E5300F853B9 /* Sano */;
			targetProxy = 3541B49B14D34E5300F853B9 /* PBXContainerItemProxy */;
		};
		A1E788601575191A007A86FE /* PBXTargetDependency */ = {
			isa = PBXTargetDependency;
			name = "CorePlot-CocoaTouch";
			targetProxy = A1E7885F1575191A007A86FE /* PBXContainerItemProxy */;
		};
/* End PBXTargetDependency section */

/* Begin PBXVariantGroup section */
		3541B48214D34E5300F853B9 /* InfoPlist.strings */ = {
			isa = PBXVariantGroup;
			children = (
				3541B48314D34E5300F853B9 /* en */,
			);
			name = InfoPlist.strings;
			sourceTree = "<group>";
		};
		3541B48B14D34E5300F853B9 /* MainStoryboard.storyboard */ = {
			isa = PBXVariantGroup;
			children = (
				3541B48C14D34E5300F853B9 /* en */,
			);
			name = MainStoryboard.storyboard;
			sourceTree = "<group>";
		};
		3541B4A014D34E5300F853B9 /* InfoPlist.strings */ = {
			isa = PBXVariantGroup;
			children = (
				3541B4A114D34E5300F853B9 /* en */,
			);
			name = InfoPlist.strings;
			sourceTree = "<group>";
		};
/* End PBXVariantGroup section */

/* Begin XCBuildConfiguration section */
		3541B4A614D34E5300F853B9 /* Debug */ = {
			isa = XCBuildConfiguration;
			buildSettings = {
				ALWAYS_SEARCH_USER_PATHS = NO;
				ARCHS = "$(ARCHS_STANDARD_32_BIT)";
				CLANG_ENABLE_OBJC_ARC = YES;
				"CODE_SIGN_IDENTITY[sdk=iphoneos*]" = "iPhone Developer";
				COPY_PHASE_STRIP = NO;
				GCC_C_LANGUAGE_STANDARD = gnu99;
				GCC_DYNAMIC_NO_PIC = NO;
				GCC_OPTIMIZATION_LEVEL = 0;
				GCC_PREPROCESSOR_DEFINITIONS = (
					"DEBUG=1",
					"$(inherited)",
				);
				GCC_SYMBOLS_PRIVATE_EXTERN = NO;
				GCC_VERSION = com.apple.compilers.llvm.clang.1_0;
				GCC_WARN_ABOUT_MISSING_PROTOTYPES = YES;
				GCC_WARN_ABOUT_RETURN_TYPE = YES;
				GCC_WARN_UNUSED_VARIABLE = YES;
				IPHONEOS_DEPLOYMENT_TARGET = 5.0;
				SDKROOT = iphoneos;
			};
			name = Debug;
		};
		3541B4A714D34E5300F853B9 /* Release */ = {
			isa = XCBuildConfiguration;
			buildSettings = {
				ALWAYS_SEARCH_USER_PATHS = NO;
				ARCHS = "$(ARCHS_STANDARD_32_BIT)";
				CLANG_ENABLE_OBJC_ARC = YES;
				"CODE_SIGN_IDENTITY[sdk=iphoneos*]" = "iPhone Developer";
				COPY_PHASE_STRIP = YES;
				GCC_C_LANGUAGE_STANDARD = gnu99;
				GCC_VERSION = com.apple.compilers.llvm.clang.1_0;
				GCC_WARN_ABOUT_MISSING_PROTOTYPES = YES;
				GCC_WARN_ABOUT_RETURN_TYPE = YES;
				GCC_WARN_UNUSED_VARIABLE = YES;
				IPHONEOS_DEPLOYMENT_TARGET = 5.0;
				OTHER_CFLAGS = "-DNS_BLOCK_ASSERTIONS=1";
				SDKROOT = iphoneos;
				VALIDATE_PRODUCT = YES;
			};
			name = Release;
		};
		3541B4A914D34E5300F853B9 /* Debug */ = {
			isa = XCBuildConfiguration;
			buildSettings = {
				FRAMEWORK_SEARCH_PATHS = (
					"$(inherited)",
					"\"$(SRCROOT)\"",
				);
				GCC_PRECOMPILE_PREFIX_HEADER = YES;
				GCC_PREFIX_HEADER = "Sano/Sano-Prefix.pch";
				HEADER_SEARCH_PATHS = (
					"/Users/Raj/Documents/Work/CorePlot_1.0/Source/framework/**",
					"\"${PROJECT_DIR}/../core-plot/framework\"/**",
				);
				INFOPLIST_FILE = "Sano/Sano-Info.plist";
				OTHER_LDFLAGS = "-ObjC";
				PRODUCT_NAME = "$(TARGET_NAME)";
				WRAPPER_EXTENSION = app;
			};
			name = Debug;
		};
		3541B4AA14D34E5300F853B9 /* Release */ = {
			isa = XCBuildConfiguration;
			buildSettings = {
				FRAMEWORK_SEARCH_PATHS = (
					"$(inherited)",
					"\"$(SRCROOT)\"",
				);
				GCC_PRECOMPILE_PREFIX_HEADER = YES;
				GCC_PREFIX_HEADER = "Sano/Sano-Prefix.pch";
				HEADER_SEARCH_PATHS = (
					"/Users/Raj/Documents/Work/CorePlot_1.0/Source/framework/**",
					"\"${PROJECT_DIR}/../core-plot/framework\"/**",
				);
				INFOPLIST_FILE = "Sano/Sano-Info.plist";
				OTHER_LDFLAGS = "-ObjC";
				PRODUCT_NAME = "$(TARGET_NAME)";
				WRAPPER_EXTENSION = app;
			};
			name = Release;
		};
		3541B4AC14D34E5300F853B9 /* Debug */ = {
			isa = XCBuildConfiguration;
			buildSettings = {
				BUNDLE_LOADER = "$(BUILT_PRODUCTS_DIR)/Sano.app/Sano";
				FRAMEWORK_SEARCH_PATHS = (
					"$(SDKROOT)/Developer/Library/Frameworks",
					"$(DEVELOPER_LIBRARY_DIR)/Frameworks",
				);
				GCC_PRECOMPILE_PREFIX_HEADER = YES;
				GCC_PREFIX_HEADER = "Sano/Sano-Prefix.pch";
				INFOPLIST_FILE = "SanoTests/SanoTests-Info.plist";
				PRODUCT_NAME = "$(TARGET_NAME)";
				TEST_HOST = "$(BUNDLE_LOADER)";
				WRAPPER_EXTENSION = octest;
			};
			name = Debug;
		};
		3541B4AD14D34E5300F853B9 /* Release */ = {
			isa = XCBuildConfiguration;
			buildSettings = {
				BUNDLE_LOADER = "$(BUILT_PRODUCTS_DIR)/Sano.app/Sano";
				FRAMEWORK_SEARCH_PATHS = (
					"$(SDKROOT)/Developer/Library/Frameworks",
					"$(DEVELOPER_LIBRARY_DIR)/Frameworks",
				);
				GCC_PRECOMPILE_PREFIX_HEADER = YES;
				GCC_PREFIX_HEADER = "Sano/Sano-Prefix.pch";
				INFOPLIST_FILE = "SanoTests/SanoTests-Info.plist";
				PRODUCT_NAME = "$(TARGET_NAME)";
				TEST_HOST = "$(BUNDLE_LOADER)";
				WRAPPER_EXTENSION = octest;
			};
			name = Release;
		};
/* End XCBuildConfiguration section */

/* Begin XCConfigurationList section */
		3541B46F14D34E5300F853B9 /* Build configuration list for PBXProject "Sano" */ = {
			isa = XCConfigurationList;
			buildConfigurations = (
				3541B4A614D34E5300F853B9 /* Debug */,
				3541B4A714D34E5300F853B9 /* Release */,
			);
			defaultConfigurationIsVisible = 0;
			defaultConfigurationName = Debug;
		};
		3541B4A814D34E5300F853B9 /* Build configuration list for PBXNativeTarget "Sano" */ = {
			isa = XCConfigurationList;
			buildConfigurations = (
				3541B4A914D34E5300F853B9 /* Debug */,
				3541B4AA14D34E5300F853B9 /* Release */,
			);
			defaultConfigurationIsVisible = 0;
			defaultConfigurationName = Debug;
		};
		3541B4AB14D34E5300F853B9 /* Build configuration list for PBXNativeTarget "SanoTests" */ = {
			isa = XCConfigurationList;
			buildConfigurations = (
				3541B4AC14D34E5300F853B9 /* Debug */,
				3541B4AD14D34E5300F853B9 /* Release */,
			);
			defaultConfigurationIsVisible = 0;
			defaultConfigurationName = Debug;
		};
/* End XCConfigurationList section */
	};
	rootObject = 3541B46C14D34E5300F853B9 /* Project object */;
}
